
Microsoft Visual Studio Solution File, Format Version 12.00
# Visual Studio Version 16
VisualStudioVersion = 16.0.808.3
MinimumVisualStudioVersion = 10.0.40219.1
Project("{FAE04EC0-301F-11D3-BF4B-00C04F79EFBC}") = "hacker-rank-balanced-brackets", "hacker-rank-balanced-brackets\hacker-rank-balanced-brackets.csproj", "{FCC1A479-41DD-4585-9FCD-CDC5ACF9E863}"
EndProject
Global
	GlobalSection(SolutionConfigurationPlatforms) = preSolution
		Debug|Any CPU = Debug|Any CPU
		Release|Any CPU = Release|Any CPU
	EndGlobalSection
	GlobalSection(ProjectConfigurationPlatforms) = postSolution
		{FCC1A479-41DD-4585-9FCD-CDC5ACF9E863}.Debug|Any CPU.ActiveCfg = Debug|Any CPU
		{FCC1A479-41DD-4585-9FCD-CDC5ACF9E863}.Debug|Any CPU.Build.0 = Debug|Any CPU
		{FCC1A479-41DD-4585-9FCD-CDC5ACF9E863}.Release|Any CPU.ActiveCfg = Release|Any CPU
		{FCC1A479-41DD-4585-9FCD-CDC5ACF9E863}.Release|Any CPU.Build.0 = Release|Any CPU
	EndGlobalSection
	GlobalSection(SolutionProperties) = preSolution
		HideSolutionNode = FALSE
	EndGlobalSection
	GlobalSection(ExtensibilityGlobals) = postSolution
		SolutionGuid = {DE5E67D2-FC3D-4617-9606-0B201F980B7D}
	EndGlobalSection
EndGlobal
